// !$*UTF8*$!
{
	archiveVersion = 1;
	classes = {
	};
	objectVersion = 55;
	objects = {

/* Begin PBXBuildFile section */
		3E65935D2885F81C00E94D29 /* Assets.xcassets in Resources */ = {isa = PBXBuildFile; fileRef = 3E65935C2885F81C00E94D29 /* Assets.xcassets */; };
		3E6593602885F81C00E94D29 /* LaunchScreen.storyboard in Resources */ = {isa = PBXBuildFile; fileRef = 3E65935E2885F81C00E94D29 /* LaunchScreen.storyboard */; };
		3E65936E2885F89100E94D29 /* UnsplashPhoto.swift in Sources */ = {isa = PBXBuildFile; fileRef = 3E65936D2885F88D00E94D29 /* UnsplashPhoto.swift */; };
		3E65936F2885F89100E94D29 /* RequestDTO.swift in Sources */ = {isa = PBXBuildFile; fileRef = 3E65936C2885F88D00E94D29 /* RequestDTO.swift */; };
		3E6593742885F8A800E94D29 /* ImageInfoView.swift in Sources */ = {isa = PBXBuildFile; fileRef = 3E6593722885F8A100E94D29 /* ImageInfoView.swift */; };
		3E6593752885F8A800E94D29 /* ImageCell.swift in Sources */ = {isa = PBXBuildFile; fileRef = 3E6593732885F8A500E94D29 /* ImageCell.swift */; };
		3E6593772885F8BB00E94D29 /* ImageListViewController.swift in Sources */ = {isa = PBXBuildFile; fileRef = 3E6593762885F8B000E94D29 /* ImageListViewController.swift */; };
		3E65937A2885F8D400E94D29 /* AppDelegate.swift in Sources */ = {isa = PBXBuildFile; fileRef = 3E6593792885F8D400E94D29 /* AppDelegate.swift */; };
		3E65937E2885F91800E94D29 /* ImageDetailViewController.swift in Sources */ = {isa = PBXBuildFile; fileRef = 3E6593782885F8CA00E94D29 /* ImageDetailViewController.swift */; };
		3E6593802885F95E00E94D29 /* Constants.swift in Sources */ = {isa = PBXBuildFile; fileRef = 3E65937F2885F95E00E94D29 /* Constants.swift */; };
		3EC919B8289508C7008DBF0A /* SnapKit in Frameworks */ = {isa = PBXBuildFile; productRef = 3EC919B7289508C7008DBF0A /* SnapKit */; };
		3EC919BA28950926008DBF0A /* ImageListView.swift in Sources */ = {isa = PBXBuildFile; fileRef = 3EC919B928950926008DBF0A /* ImageListView.swift */; };
		3EC919BC28950E12008DBF0A /* ImageListDataSource.swift in Sources */ = {isa = PBXBuildFile; fileRef = 3EC919BB28950E12008DBF0A /* ImageListDataSource.swift */; };
		3EC919BE28950E85008DBF0A /* ImageListDelegate.swift in Sources */ = {isa = PBXBuildFile; fileRef = 3EC919BD28950E85008DBF0A /* ImageListDelegate.swift */; };
		3EC919C12895116C008DBF0A /* ImageDownloader.swift in Sources */ = {isa = PBXBuildFile; fileRef = 3EC919C02895116C008DBF0A /* ImageDownloader.swift */; };
/* End PBXBuildFile section */

/* Begin PBXFileReference section */
		3E6593502885F81B00E94D29 /* Practice.app */ = {isa = PBXFileReference; explicitFileType = wrapper.application; includeInIndex = 0; path = Practice.app; sourceTree = BUILT_PRODUCTS_DIR; };
		3E65935C2885F81C00E94D29 /* Assets.xcassets */ = {isa = PBXFileReference; lastKnownFileType = folder.assetcatalog; path = Assets.xcassets; sourceTree = "<group>"; };
		3E65935F2885F81C00E94D29 /* Base */ = {isa = PBXFileReference; lastKnownFileType = file.storyboard; name = Base; path = Base.lproj/LaunchScreen.storyboard; sourceTree = "<group>"; };
		3E6593612885F81C00E94D29 /* Info.plist */ = {isa = PBXFileReference; lastKnownFileType = text.plist.xml; path = Info.plist; sourceTree = "<group>"; };
		3E65936C2885F88D00E94D29 /* RequestDTO.swift */ = {isa = PBXFileReference; lastKnownFileType = sourcecode.swift; path = RequestDTO.swift; sourceTree = "<group>"; };
		3E65936D2885F88D00E94D29 /* UnsplashPhoto.swift */ = {isa = PBXFileReference; lastKnownFileType = sourcecode.swift; path = UnsplashPhoto.swift; sourceTree = "<group>"; };
		3E6593722885F8A100E94D29 /* ImageInfoView.swift */ = {isa = PBXFileReference; lastKnownFileType = sourcecode.swift; path = ImageInfoView.swift; sourceTree = "<group>"; };
		3E6593732885F8A500E94D29 /* ImageCell.swift */ = {isa = PBXFileReference; lastKnownFileType = sourcecode.swift; path = ImageCell.swift; sourceTree = "<group>"; };
		3E6593762885F8B000E94D29 /* ImageListViewController.swift */ = {isa = PBXFileReference; lastKnownFileType = sourcecode.swift; path = ImageListViewController.swift; sourceTree = "<group>"; };
		3E6593782885F8CA00E94D29 /* ImageDetailViewController.swift */ = {isa = PBXFileReference; lastKnownFileType = sourcecode.swift; path = ImageDetailViewController.swift; sourceTree = "<group>"; };
		3E6593792885F8D400E94D29 /* AppDelegate.swift */ = {isa = PBXFileReference; lastKnownFileType = sourcecode.swift; path = AppDelegate.swift; sourceTree = "<group>"; };
		3E65937F2885F95E00E94D29 /* Constants.swift */ = {isa = PBXFileReference; lastKnownFileType = sourcecode.swift; path = Constants.swift; sourceTree = "<group>"; };
		3EC919B928950926008DBF0A /* ImageListView.swift */ = {isa = PBXFileReference; lastKnownFileType = sourcecode.swift; path = ImageListView.swift; sourceTree = "<group>"; };
		3EC919BB28950E12008DBF0A /* ImageListDataSource.swift */ = {isa = PBXFileReference; lastKnownFileType = sourcecode.swift; path = ImageListDataSource.swift; sourceTree = "<group>"; };
		3EC919BD28950E85008DBF0A /* ImageListDelegate.swift */ = {isa = PBXFileReference; lastKnownFileType = sourcecode.swift; path = ImageListDelegate.swift; sourceTree = "<group>"; };
		3EC919C02895116C008DBF0A /* ImageDownloader.swift */ = {isa = PBXFileReference; lastKnownFileType = sourcecode.swift; path = ImageDownloader.swift; sourceTree = "<group>"; };
/* End PBXFileReference section */

/* Begin PBXFrameworksBuildPhase section */
		3E65934D2885F81B00E94D29 /* Frameworks */ = {
			isa = PBXFrameworksBuildPhase;
			buildActionMask = 2147483647;
			files = (
				3EC919B8289508C7008DBF0A /* SnapKit in Frameworks */,
			);
			runOnlyForDeploymentPostprocessing = 0;
		};
/* End PBXFrameworksBuildPhase section */

/* Begin PBXGroup section */
		3E6593472885F81B00E94D29 = {
			isa = PBXGroup;
			children = (
				3E6593522885F81B00E94D29 /* Practice */,
				3E6593512885F81B00E94D29 /* Products */,
			);
			sourceTree = "<group>";
		};
		3E6593512885F81B00E94D29 /* Products */ = {
			isa = PBXGroup;
			children = (
				3E6593502885F81B00E94D29 /* Practice.app */,
			);
			name = Products;
			sourceTree = "<group>";
		};
		3E6593522885F81B00E94D29 /* Practice */ = {
			isa = PBXGroup;
			children = (
				3E6593792885F8D400E94D29 /* AppDelegate.swift */,
				3E6593672885F85F00E94D29 /* Scene */,
				3E65935C2885F81C00E94D29 /* Assets.xcassets */,
				3E65935E2885F81C00E94D29 /* LaunchScreen.storyboard */,
				3E6593612885F81C00E94D29 /* Info.plist */,
				3E65937F2885F95E00E94D29 /* Constants.swift */,
			);
			path = Practice;
			sourceTree = "<group>";
		};
		3E6593672885F85F00E94D29 /* Scene */ = {
			isa = PBXGroup;
			children = (
				3E6593682885F86600E94D29 /* ImageList */,
				3E6593692885F86C00E94D29 /* ImageDetail */,
			);
			path = Scene;
			sourceTree = "<group>";
		};
		3E6593682885F86600E94D29 /* ImageList */ = {
			isa = PBXGroup;
			children = (
				3E65936B2885F88400E94D29 /* Model */,
				3E65936A2885F87E00E94D29 /* ViewController */,
			);
			path = ImageList;
			sourceTree = "<group>";
		};
		3E6593692885F86C00E94D29 /* ImageDetail */ = {
			isa = PBXGroup;
			children = (
				3E6593782885F8CA00E94D29 /* ImageDetailViewController.swift */,
			);
			path = ImageDetail;
			sourceTree = "<group>";
		};
		3E65936A2885F87E00E94D29 /* ViewController */ = {
			isa = PBXGroup;
			children = (
				3EC919BF28951155008DBF0A /* Utils */,
				3E6593712885F89B00E94D29 /* Cells */,
				3E6593702885F89700E94D29 /* Views */,
				3E6593762885F8B000E94D29 /* ImageListViewController.swift */,
			);
			path = ViewController;
			sourceTree = "<group>";
		};
		3E65936B2885F88400E94D29 /* Model */ = {
			isa = PBXGroup;
			children = (
				3E65936C2885F88D00E94D29 /* RequestDTO.swift */,
				3E65936D2885F88D00E94D29 /* UnsplashPhoto.swift */,
			);
			path = Model;
			sourceTree = "<group>";
		};
		3E6593702885F89700E94D29 /* Views */ = {
			isa = PBXGroup;
			children = (
				3E6593732885F8A500E94D29 /* ImageCell.swift */,
				3EC919B928950926008DBF0A /* ImageListView.swift */,
				3EC919BB28950E12008DBF0A /* ImageListDataSource.swift */,
				3EC919BD28950E85008DBF0A /* ImageListDelegate.swift */,
			);
			path = Views;
			sourceTree = "<group>";
		};
		3E6593712885F89B00E94D29 /* Cells */ = {
			isa = PBXGroup;
			children = (
				3E6593722885F8A100E94D29 /* ImageInfoView.swift */,
			);
			path = Cells;
			sourceTree = "<group>";
		};
		3EC919BF28951155008DBF0A /* Utils */ = {
			isa = PBXGroup;
			children = (
				3EC919C02895116C008DBF0A /* ImageDownloader.swift */,
			);
			path = Utils;
			sourceTree = "<group>";
		};
/* End PBXGroup section */

/* Begin PBXNativeTarget section */
		3E65934F2885F81B00E94D29 /* Practice */ = {
			isa = PBXNativeTarget;
			buildConfigurationList = 3E6593642885F81C00E94D29 /* Build configuration list for PBXNativeTarget "Practice" */;
			buildPhases = (
				3E65934C2885F81B00E94D29 /* Sources */,
				3E65934D2885F81B00E94D29 /* Frameworks */,
				3E65934E2885F81B00E94D29 /* Resources */,
			);
			buildRules = (
			);
			dependencies = (
			);
			name = Practice;
			packageProductDependencies = (
				3EC919B7289508C7008DBF0A /* SnapKit */,
			);
			productName = Practice;
			productReference = 3E6593502885F81B00E94D29 /* Practice.app */;
			productType = "com.apple.product-type.application";
		};
/* End PBXNativeTarget section */

/* Begin PBXProject section */
		3E6593482885F81B00E94D29 /* Project object */ = {
			isa = PBXProject;
			attributes = {
				BuildIndependentTargetsInParallel = 1;
				LastSwiftUpdateCheck = 1320;
				LastUpgradeCheck = 1320;
				TargetAttributes = {
					3E65934F2885F81B00E94D29 = {
						CreatedOnToolsVersion = 13.2.1;
					};
				};
			};
			buildConfigurationList = 3E65934B2885F81B00E94D29 /* Build configuration list for PBXProject "Practice" */;
			compatibilityVersion = "Xcode 13.0";
			developmentRegion = en;
			hasScannedForEncodings = 0;
			knownRegions = (
				en,
				Base,
			);
			mainGroup = 3E6593472885F81B00E94D29;
			packageReferences = (
				3EC919B6289508C7008DBF0A /* XCRemoteSwiftPackageReference "SnapKit" */,
			);
			productRefGroup = 3E6593512885F81B00E94D29 /* Products */;
			projectDirPath = "";
			projectRoot = "";
			targets = (
				3E65934F2885F81B00E94D29 /* Practice */,
			);
		};
/* End PBXProject section */

/* Begin PBXResourcesBuildPhase section */
		3E65934E2885F81B00E94D29 /* Resources */ = {
			isa = PBXResourcesBuildPhase;
			buildActionMask = 2147483647;
			files = (
				3E6593602885F81C00E94D29 /* LaunchScreen.storyboard in Resources */,
				3E65935D2885F81C00E94D29 /* Assets.xcassets in Resources */,
			);
			runOnlyForDeploymentPostprocessing = 0;
		};
/* End PBXResourcesBuildPhase section */

/* Begin PBXSourcesBuildPhase section */
		3E65934C2885F81B00E94D29 /* Sources */ = {
			isa = PBXSourcesBuildPhase;
			buildActionMask = 2147483647;
			files = (
				3E65937A2885F8D400E94D29 /* AppDelegate.swift in Sources */,
				3E6593772885F8BB00E94D29 /* ImageListViewController.swift in Sources */,
				3E65937E2885F91800E94D29 /* ImageDetailViewController.swift in Sources */,
				3E6593742885F8A800E94D29 /* ImageInfoView.swift in Sources */,
				3EC919BC28950E12008DBF0A /* ImageListDataSource.swift in Sources */,
				3EC919BA28950926008DBF0A /* ImageListView.swift in Sources */,
				3E65936E2885F89100E94D29 /* UnsplashPhoto.swift in Sources */,
				3E65936F2885F89100E94D29 /* RequestDTO.swift in Sources */,
				3E6593802885F95E00E94D29 /* Constants.swift in Sources */,
				3EC919BE28950E85008DBF0A /* ImageListDelegate.swift in Sources */,
				3EC919C12895116C008DBF0A /* ImageDownloader.swift in Sources */,
				3E6593752885F8A800E94D29 /* ImageCell.swift in Sources */,
			);
			runOnlyForDeploymentPostprocessing = 0;
		};
/* End PBXSourcesBuildPhase section */

/* Begin PBXVariantGroup section */
		3E65935E2885F81C00E94D29 /* LaunchScreen.storyboard */ = {
			isa = PBXVariantGroup;
			children = (
				3E65935F2885F81C00E94D29 /* Base */,
			);
			name = LaunchScreen.storyboard;
			sourceTree = "<group>";
		};
/* End PBXVariantGroup section */

/* Begin XCBuildConfiguration section */
		3E6593622885F81C00E94D29 /* Debug */ = {
			isa = XCBuildConfiguration;
			buildSettings = {
				ALWAYS_SEARCH_USER_PATHS = NO;
				CLANG_ANALYZER_NONNULL = YES;
				CLANG_ANALYZER_NUMBER_OBJECT_CONVERSION = YES_AGGRESSIVE;
				CLANG_CXX_LANGUAGE_STANDARD = "gnu++17";
				CLANG_CXX_LIBRARY = "libc++";
				CLANG_ENABLE_MODULES = YES;
				CLANG_ENABLE_OBJC_ARC = YES;
				CLANG_ENABLE_OBJC_WEAK = YES;
				CLANG_WARN_BLOCK_CAPTURE_AUTORELEASING = YES;
				CLANG_WARN_BOOL_CONVERSION = YES;
				CLANG_WARN_COMMA = YES;
				CLANG_WARN_CONSTANT_CONVERSION = YES;
				CLANG_WARN_DEPRECATED_OBJC_IMPLEMENTATIONS = YES;
				CLANG_WARN_DIRECT_OBJC_ISA_USAGE = YES_ERROR;
				CLANG_WARN_DOCUMENTATION_COMMENTS = YES;
				CLANG_WARN_EMPTY_BODY = YES;
				CLANG_WARN_ENUM_CONVERSION = YES;
				CLANG_WARN_INFINITE_RECURSION = YES;
				CLANG_WARN_INT_CONVERSION = YES;
				CLANG_WARN_NON_LITERAL_NULL_CONVERSION = YES;
				CLANG_WARN_OBJC_IMPLICIT_RETAIN_SELF = YES;
				CLANG_WARN_OBJC_LITERAL_CONVERSION = YES;
				CLANG_WARN_OBJC_ROOT_CLASS = YES_ERROR;
				CLANG_WARN_QUOTED_INCLUDE_IN_FRAMEWORK_HEADER = YES;
				CLANG_WARN_RANGE_LOOP_ANALYSIS = YES;
				CLANG_WARN_STRICT_PROTOTYPES = YES;
				CLANG_WARN_SUSPICIOUS_MOVE = YES;
				CLANG_WARN_UNGUARDED_AVAILABILITY = YES_AGGRESSIVE;
				CLANG_WARN_UNREACHABLE_CODE = YES;
				CLANG_WARN__DUPLICATE_METHOD_MATCH = YES;
				COPY_PHASE_STRIP = NO;
				DEBUG_INFORMATION_FORMAT = dwarf;
				ENABLE_STRICT_OBJC_MSGSEND = YES;
				ENABLE_TESTABILITY = YES;
				GCC_C_LANGUAGE_STANDARD = gnu11;
				GCC_DYNAMIC_NO_PIC = NO;
				GCC_NO_COMMON_BLOCKS = YES;
				GCC_OPTIMIZATION_LEVEL = 0;
				GCC_PREPROCESSOR_DEFINITIONS = (
					"DEBUG=1",
					"$(inherited)",
				);
				GCC_WARN_64_TO_32_BIT_CONVERSION = YES;
				GCC_WARN_ABOUT_RETURN_TYPE = YES_ERROR;
				GCC_WARN_UNDECLARED_SELECTOR = YES;
				GCC_WARN_UNINITIALIZED_AUTOS = YES_AGGRESSIVE;
				GCC_WARN_UNUSED_FUNCTION = YES;
				GCC_WARN_UNUSED_VARIABLE = YES;
				IPHONEOS_DEPLOYMENT_TARGET = 12.0;
				MTL_ENABLE_DEBUG_INFO = INCLUDE_SOURCE;
				MTL_FAST_MATH = YES;
				ONLY_ACTIVE_ARCH = YES;
				SDKROOT = iphoneos;
				SWIFT_ACTIVE_COMPILATION_CONDITIONS = DEBUG;
				SWIFT_OPTIMIZATION_LEVEL = "-Onone";
			};
			name = Debug;
		};
		3E6593632885F81C00E94D29 /* Release */ = {
			isa = XCBuildConfiguration;
			buildSettings = {
				ALWAYS_SEARCH_USER_PATHS = NO;
				CLANG_ANALYZER_NONNULL = YES;
				CLANG_ANALYZER_NUMBER_OBJECT_CONVERSION = YES_AGGRESSIVE;
				CLANG_CXX_LANGUAGE_STANDARD = "gnu++17";
				CLANG_CXX_LIBRARY = "libc++";
				CLANG_ENABLE_MODULES = YES;
				CLANG_ENABLE_OBJC_ARC = YES;
				CLANG_ENABLE_OBJC_WEAK = YES;
				CLANG_WARN_BLOCK_CAPTURE_AUTORELEASING = YES;
				CLANG_WARN_BOOL_CONVERSION = YES;
				CLANG_WARN_COMMA = YES;
				CLANG_WARN_CONSTANT_CONVERSION = YES;
				CLANG_WARN_DEPRECATED_OBJC_IMPLEMENTATIONS = YES;
				CLANG_WARN_DIRECT_OBJC_ISA_USAGE = YES_ERROR;
				CLANG_WARN_DOCUMENTATION_COMMENTS = YES;
				CLANG_WARN_EMPTY_BODY = YES;
				CLANG_WARN_ENUM_CONVERSION = YES;
				CLANG_WARN_INFINITE_RECURSION = YES;
				CLANG_WARN_INT_CONVERSION = YES;
				CLANG_WARN_NON_LITERAL_NULL_CONVERSION = YES;
				CLANG_WARN_OBJC_IMPLICIT_RETAIN_SELF = YES;
				CLANG_WARN_OBJC_LITERAL_CONVERSION = YES;
				CLANG_WARN_OBJC_ROOT_CLASS = YES_ERROR;
				CLANG_WARN_QUOTED_INCLUDE_IN_FRAMEWORK_HEADER = YES;
				CLANG_WARN_RANGE_LOOP_ANALYSIS = YES;
				CLANG_WARN_STRICT_PROTOTYPES = YES;
				CLANG_WARN_SUSPICIOUS_MOVE = YES;
				CLANG_WARN_UNGUARDED_AVAILABILITY = YES_AGGRESSIVE;
				CLANG_WARN_UNREACHABLE_CODE = YES;
				CLANG_WARN__DUPLICATE_METHOD_MATCH = YES;
				COPY_PHASE_STRIP = NO;
				DEBUG_INFORMATION_FORMAT = "dwarf-with-dsym";
				ENABLE_NS_ASSERTIONS = NO;
				ENABLE_STRICT_OBJC_MSGSEND = YES;
				GCC_C_LANGUAGE_STANDARD = gnu11;
				GCC_NO_COMMON_BLOCKS = YES;
				GCC_WARN_64_TO_32_BIT_CONVERSION = YES;
				GCC_WARN_ABOUT_RETURN_TYPE = YES_ERROR;
				GCC_WARN_UNDECLARED_SELECTOR = YES;
				GCC_WARN_UNINITIALIZED_AUTOS = YES_AGGRESSIVE;
				GCC_WARN_UNUSED_FUNCTION = YES;
				GCC_WARN_UNUSED_VARIABLE = YES;
				IPHONEOS_DEPLOYMENT_TARGET = 12.0;
				MTL_ENABLE_DEBUG_INFO = NO;
				MTL_FAST_MATH = YES;
				SDKROOT = iphoneos;
				SWIFT_COMPILATION_MODE = wholemodule;
				SWIFT_OPTIMIZATION_LEVEL = "-O";
				VALIDATE_PRODUCT = YES;
			};
			name = Release;
		};
		3E6593652885F81C00E94D29 /* Debug */ = {
			isa = XCBuildConfiguration;
			buildSettings = {
				ASSETCATALOG_COMPILER_APPICON_NAME = AppIcon;
				ASSETCATALOG_COMPILER_GLOBAL_ACCENT_COLOR_NAME = AccentColor;
				CODE_SIGN_STYLE = Automatic;
				CURRENT_PROJECT_VERSION = 1;
				DEVELOPMENT_TEAM = 97C96KP84G;
				GENERATE_INFOPLIST_FILE = YES;
				INFOPLIST_FILE = Practice/Info.plist;
				INFOPLIST_KEY_UIApplicationSupportsIndirectInputEvents = YES;
				INFOPLIST_KEY_UILaunchStoryboardName = LaunchScreen;
				INFOPLIST_KEY_UISupportedInterfaceOrientations_iPad = "UIInterfaceOrientationPortrait UIInterfaceOrientationPortraitUpsideDown UIInterfaceOrientationLandscapeLeft UIInterfaceOrientationLandscapeRight";
				INFOPLIST_KEY_UISupportedInterfaceOrientations_iPhone = "UIInterfaceOrientationPortrait UIInterfaceOrientationLandscapeLeft UIInterfaceOrientationLandscapeRight";
				LD_RUNPATH_SEARCH_PATHS = (
					"$(inherited)",
					"@executable_path/Frameworks",
				);
				MARKETING_VERSION = 1.0;
				PRODUCT_BUNDLE_IDENTIFIER = com.land.ever.letusgo.Practice;
				PRODUCT_NAME = "$(TARGET_NAME)";
				SWIFT_EMIT_LOC_STRINGS = YES;
				SWIFT_VERSION = 5.0;
				TARGETED_DEVICE_FAMILY = "1,2";
			};
			name = Debug;
		};
		3E6593662885F81C00E94D29 /* Release */ = {
			isa = XCBuildConfiguration;
			buildSettings = {
				ASSETCATALOG_COMPILER_APPICON_NAME = AppIcon;
				ASSETCATALOG_COMPILER_GLOBAL_ACCENT_COLOR_NAME = AccentColor;
				CODE_SIGN_STYLE = Automatic;
				CURRENT_PROJECT_VERSION = 1;
				DEVELOPMENT_TEAM = 97C96KP84G;
				GENERATE_INFOPLIST_FILE = YES;
				INFOPLIST_FILE = Practice/Info.plist;
				INFOPLIST_KEY_UIApplicationSupportsIndirectInputEvents = YES;
				INFOPLIST_KEY_UILaunchStoryboardName = LaunchScreen;
				INFOPLIST_KEY_UISupportedInterfaceOrientations_iPad = "UIInterfaceOrientationPortrait UIInterfaceOrientationPortraitUpsideDown UIInterfaceOrientationLandscapeLeft UIInterfaceOrientationLandscapeRight";
				INFOPLIST_KEY_UISupportedInterfaceOrientations_iPhone = "UIInterfaceOrientationPortrait UIInterfaceOrientationLandscapeLeft UIInterfaceOrientationLandscapeRight";
				LD_RUNPATH_SEARCH_PATHS = (
					"$(inherited)",
					"@executable_path/Frameworks",
				);
				MARKETING_VERSION = 1.0;
				PRODUCT_BUNDLE_IDENTIFIER = com.land.ever.letusgo.Practice;
				PRODUCT_NAME = "$(TARGET_NAME)";
				SWIFT_EMIT_LOC_STRINGS = YES;
				SWIFT_VERSION = 5.0;
				TARGETED_DEVICE_FAMILY = "1,2";
			};
			name = Release;
		};
/* End XCBuildConfiguration section */

/* Begin XCConfigurationList section */
		3E65934B2885F81B00E94D29 /* Build configuration list for PBXProject "Practice" */ = {
			isa = XCConfigurationList;
			buildConfigurations = (
				3E6593622885F81C00E94D29 /* Debug */,
				3E6593632885F81C00E94D29 /* Release */,
			);
			defaultConfigurationIsVisible = 0;
			defaultConfigurationName = Release;
		};
		3E6593642885F81C00E94D29 /* Build configuration list for PBXNativeTarget "Practice" */ = {
			isa = XCConfigurationList;
			buildConfigurations = (
				3E6593652885F81C00E94D29 /* Debug */,
				3E6593662885F81C00E94D29 /* Release */,
			);
			defaultConfigurationIsVisible = 0;
			defaultConfigurationName = Release;
		};
/* End XCConfigurationList section */

/* Begin XCRemoteSwiftPackageReference section */
		3EC919B6289508C7008DBF0A /* XCRemoteSwiftPackageReference "SnapKit" */ = {
			isa = XCRemoteSwiftPackageReference;
			repositoryURL = "https://github.com/SnapKit/SnapKit.git";
			requirement = {
				kind = upToNextMajorVersion;
				minimumVersion = 5.0.0;
			};
		};
/* End XCRemoteSwiftPackageReference section */

/* Begin XCSwiftPackageProductDependency section */
		3EC919B7289508C7008DBF0A /* SnapKit */ = {
			isa = XCSwiftPackageProductDependency;
			package = 3EC919B6289508C7008DBF0A /* XCRemoteSwiftPackageReference "SnapKit" */;
			productName = SnapKit;
		};
/* End XCSwiftPackageProductDependency section */
	};
	rootObject = 3E6593482885F81B00E94D29 /* Project object */;
}
